// !$*UTF8*$!
{
	archiveVersion = 1;
	classes = {
	};
	objectVersion = 56;
	objects = {

/* Begin PBXBuildFile section */
		02B0C94C2B51567F00C4966B /* UnitConverterApp.swift in Sources */ = {isa = PBXBuildFile; fileRef = 02B0C94B2B51567F00C4966B /* UnitConverterApp.swift */; };
		02B0C94E2B51567F00C4966B /* HomeView.swift in Sources */ = {isa = PBXBuildFile; fileRef = 02B0C94D2B51567F00C4966B /* HomeView.swift */; };
		02B0C9502B51568000C4966B /* Assets.xcassets in Resources */ = {isa = PBXBuildFile; fileRef = 02B0C94F2B51568000C4966B /* Assets.xcassets */; };
		02B0C9532B51568000C4966B /* Preview Assets.xcassets in Resources */ = {isa = PBXBuildFile; fileRef = 02B0C9522B51568000C4966B /* Preview Assets.xcassets */; };
		02B0C95D2B51568100C4966B /* UnitConverterTests.swift in Sources */ = {isa = PBXBuildFile; fileRef = 02B0C95C2B51568100C4966B /* UnitConverterTests.swift */; };
		02B0C9672B51568100C4966B /* UnitConverterUITests.swift in Sources */ = {isa = PBXBuildFile; fileRef = 02B0C9662B51568100C4966B /* UnitConverterUITests.swift */; };
		02B0C9692B51568100C4966B /* UnitConverterUITestsLaunchTests.swift in Sources */ = {isa = PBXBuildFile; fileRef = 02B0C9682B51568100C4966B /* UnitConverterUITestsLaunchTests.swift */; };
		02B0C9782B5157D300C4966B /* TemperatureConverterView.swift in Sources */ = {isa = PBXBuildFile; fileRef = 02B0C9772B5157D300C4966B /* TemperatureConverterView.swift */; };
		02B0C97A2B51585D00C4966B /* TemperatureConverterViewModel.swift in Sources */ = {isa = PBXBuildFile; fileRef = 02B0C9792B51585D00C4966B /* TemperatureConverterViewModel.swift */; };
		02B0C97C2B5159C900C4966B /* HomeViewModel.swift in Sources */ = {isa = PBXBuildFile; fileRef = 02B0C97B2B5159C900C4966B /* HomeViewModel.swift */; };
/* End PBXBuildFile section */

/* Begin PBXContainerItemProxy section */
		02B0C9592B51568100C4966B /* PBXContainerItemProxy */ = {
			isa = PBXContainerItemProxy;
			containerPortal = 02B0C9402B51567F00C4966B /* Project object */;
			proxyType = 1;
			remoteGlobalIDString = 02B0C9472B51567F00C4966B;
			remoteInfo = UnitConverter;
		};
		02B0C9632B51568100C4966B /* PBXContainerItemProxy */ = {
			isa = PBXContainerItemProxy;
			containerPortal = 02B0C9402B51567F00C4966B /* Project object */;
			proxyType = 1;
			remoteGlobalIDString = 02B0C9472B51567F00C4966B;
			remoteInfo = UnitConverter;
		};
/* End PBXContainerItemProxy section */

/* Begin PBXFileReference section */
		02B0C9482B51567F00C4966B /* UnitConverter.app */ = {isa = PBXFileReference; explicitFileType = wrapper.application; includeInIndex = 0; path = UnitConverter.app; sourceTree = BUILT_PRODUCTS_DIR; };
		02B0C94B2B51567F00C4966B /* UnitConverterApp.swift */ = {isa = PBXFileReference; lastKnownFileType = sourcecode.swift; path = UnitConverterApp.swift; sourceTree = "<group>"; };
		02B0C94D2B51567F00C4966B /* HomeView.swift */ = {isa = PBXFileReference; lastKnownFileType = sourcecode.swift; path = HomeView.swift; sourceTree = "<group>"; };
		02B0C94F2B51568000C4966B /* Assets.xcassets */ = {isa = PBXFileReference; lastKnownFileType = folder.assetcatalog; path = Assets.xcassets; sourceTree = "<group>"; };
		02B0C9522B51568000C4966B /* Preview Assets.xcassets */ = {isa = PBXFileReference; lastKnownFileType = folder.assetcatalog; path = "Preview Assets.xcassets"; sourceTree = "<group>"; };
		02B0C9582B51568100C4966B /* UnitConverterTests.xctest */ = {isa = PBXFileReference; explicitFileType = wrapper.cfbundle; includeInIndex = 0; path = UnitConverterTests.xctest; sourceTree = BUILT_PRODUCTS_DIR; };
		02B0C95C2B51568100C4966B /* UnitConverterTests.swift */ = {isa = PBXFileReference; lastKnownFileType = sourcecode.swift; path = UnitConverterTests.swift; sourceTree = "<group>"; };
		02B0C9622B51568100C4966B /* UnitConverterUITests.xctest */ = {isa = PBXFileReference; explicitFileType = wrapper.cfbundle; includeInIndex = 0; path = UnitConverterUITests.xctest; sourceTree = BUILT_PRODUCTS_DIR; };
		02B0C9662B51568100C4966B /* UnitConverterUITests.swift */ = {isa = PBXFileReference; lastKnownFileType = sourcecode.swift; path = UnitConverterUITests.swift; sourceTree = "<group>"; };
		02B0C9682B51568100C4966B /* UnitConverterUITestsLaunchTests.swift */ = {isa = PBXFileReference; lastKnownFileType = sourcecode.swift; path = UnitConverterUITestsLaunchTests.swift; sourceTree = "<group>"; };
		02B0C9772B5157D300C4966B /* TemperatureConverterView.swift */ = {isa = PBXFileReference; lastKnownFileType = sourcecode.swift; path = TemperatureConverterView.swift; sourceTree = "<group>"; };
		02B0C9792B51585D00C4966B /* TemperatureConverterViewModel.swift */ = {isa = PBXFileReference; lastKnownFileType = sourcecode.swift; path = TemperatureConverterViewModel.swift; sourceTree = "<group>"; };
		02B0C97B2B5159C900C4966B /* HomeViewModel.swift */ = {isa = PBXFileReference; lastKnownFileType = sourcecode.swift; path = HomeViewModel.swift; sourceTree = "<group>"; };
/* End PBXFileReference section */

/* Begin PBXFrameworksBuildPhase section */
		02B0C9452B51567F00C4966B /* Frameworks */ = {
			isa = PBXFrameworksBuildPhase;
			buildActionMask = 2147483647;
			files = (
			);
			runOnlyForDeploymentPostprocessing = 0;
		};
		02B0C9552B51568100C4966B /* Frameworks */ = {
			isa = PBXFrameworksBuildPhase;
			buildActionMask = 2147483647;
			files = (
			);
			runOnlyForDeploymentPostprocessing = 0;
		};
		02B0C95F2B51568100C4966B /* Frameworks */ = {
			isa = PBXFrameworksBuildPhase;
			buildActionMask = 2147483647;
			files = (
			);
			runOnlyForDeploymentPostprocessing = 0;
		};
/* End PBXFrameworksBuildPhase section */

/* Begin PBXGroup section */
		02B0C93F2B51567F00C4966B = {
			isa = PBXGroup;
			children = (
				02B0C94A2B51567F00C4966B /* UnitConverter */,
				02B0C95B2B51568100C4966B /* UnitConverterTests */,
				02B0C9652B51568100C4966B /* UnitConverterUITests */,
				02B0C9492B51567F00C4966B /* Products */,
			);
			sourceTree = "<group>";
		};
		02B0C9492B51567F00C4966B /* Products */ = {
			isa = PBXGroup;
			children = (
				02B0C9482B51567F00C4966B /* UnitConverter.app */,
				02B0C9582B51568100C4966B /* UnitConverterTests.xctest */,
				02B0C9622B51568100C4966B /* UnitConverterUITests.xctest */,
			);
			name = Products;
			sourceTree = "<group>";
		};
		02B0C94A2B51567F00C4966B /* UnitConverter */ = {
			isa = PBXGroup;
			children = (
				02B0C94B2B51567F00C4966B /* UnitConverterApp.swift */,
				02B0C9752B5156CD00C4966B /* Home */,
				02B0C9762B5157B600C4966B /* Temperature */,
				02B0C94F2B51568000C4966B /* Assets.xcassets */,
				02B0C9512B51568000C4966B /* Preview Content */,
			);
			path = UnitConverter;
			sourceTree = "<group>";
		};
		02B0C9512B51568000C4966B /* Preview Content */ = {
			isa = PBXGroup;
			children = (
				02B0C9522B51568000C4966B /* Preview Assets.xcassets */,
			);
			path = "Preview Content";
			sourceTree = "<group>";
		};
		02B0C95B2B51568100C4966B /* UnitConverterTests */ = {
			isa = PBXGroup;
			children = (
				02B0C95C2B51568100C4966B /* UnitConverterTests.swift */,
			);
			path = UnitConverterTests;
			sourceTree = "<group>";
		};
		02B0C9652B51568100C4966B /* UnitConverterUITests */ = {
			isa = PBXGroup;
			children = (
				02B0C9662B51568100C4966B /* UnitConverterUITests.swift */,
				02B0C9682B51568100C4966B /* UnitConverterUITestsLaunchTests.swift */,
			);
			path = UnitConverterUITests;
			sourceTree = "<group>";
		};
		02B0C9752B5156CD00C4966B /* Home */ = {
			isa = PBXGroup;
			children = (
				02B0C94D2B51567F00C4966B /* HomeView.swift */,
				02B0C97B2B5159C900C4966B /* HomeViewModel.swift */,
			);
			path = Home;
			sourceTree = "<group>";
		};
		02B0C9762B5157B600C4966B /* Temperature */ = {
			isa = PBXGroup;
			children = (
				02B0C9772B5157D300C4966B /* TemperatureConverterView.swift */,
				02B0C9792B51585D00C4966B /* TemperatureConverterViewModel.swift */,
			);
			path = Temperature;
			sourceTree = "<group>";
		};
/* End PBXGroup section */

/* Begin PBXNativeTarget section */
		02B0C9472B51567F00C4966B /* UnitConverter */ = {
			isa = PBXNativeTarget;
			buildConfigurationList = 02B0C96C2B51568100C4966B /* Build configuration list for PBXNativeTarget "UnitConverter" */;
			buildPhases = (
				02B0C9442B51567F00C4966B /* Sources */,
				02B0C9452B51567F00C4966B /* Frameworks */,
				02B0C9462B51567F00C4966B /* Resources */,
			);
			buildRules = (
			);
			dependencies = (
			);
			name = UnitConverter;
			productName = UnitConverter;
			productReference = 02B0C9482B51567F00C4966B /* UnitConverter.app */;
			productType = "com.apple.product-type.application";
		};
		02B0C9572B51568100C4966B /* UnitConverterTests */ = {
			isa = PBXNativeTarget;
			buildConfigurationList = 02B0C96F2B51568100C4966B /* Build configuration list for PBXNativeTarget "UnitConverterTests" */;
			buildPhases = (
				02B0C9542B51568100C4966B /* Sources */,
				02B0C9552B51568100C4966B /* Frameworks */,
				02B0C9562B51568100C4966B /* Resources */,
			);
			buildRules = (
			);
			dependencies = (
				02B0C95A2B51568100C4966B /* PBXTargetDependency */,
			);
			name = UnitConverterTests;
			productName = UnitConverterTests;
			productReference = 02B0C9582B51568100C4966B /* UnitConverterTests.xctest */;
			productType = "com.apple.product-type.bundle.unit-test";
		};
		02B0C9612B51568100C4966B /* UnitConverterUITests */ = {
			isa = PBXNativeTarget;
			buildConfigurationList = 02B0C9722B51568100C4966B /* Build configuration list for PBXNativeTarget "UnitConverterUITests" */;
			buildPhases = (
				02B0C95E2B51568100C4966B /* Sources */,
				02B0C95F2B51568100C4966B /* Frameworks */,
				02B0C9602B51568100C4966B /* Resources */,
			);
			buildRules = (
			);
			dependencies = (
				02B0C9642B51568100C4966B /* PBXTargetDependency */,
			);
			name = UnitConverterUITests;
			productName = UnitConverterUITests;
			productReference = 02B0C9622B51568100C4966B /* UnitConverterUITests.xctest */;
			productType = "com.apple.product-type.bundle.ui-testing";
		};
/* End PBXNativeTarget section */

/* Begin PBXProject section */
		02B0C9402B51567F00C4966B /* Project object */ = {
			isa = PBXProject;
			attributes = {
				BuildIndependentTargetsInParallel = 1;
				LastSwiftUpdateCheck = 1500;
				LastUpgradeCheck = 1500;
				TargetAttributes = {
					02B0C9472B51567F00C4966B = {
						CreatedOnToolsVersion = 15.0;
					};
					02B0C9572B51568100C4966B = {
						CreatedOnToolsVersion = 15.0;
						TestTargetID = 02B0C9472B51567F00C4966B;
					};
					02B0C9612B51568100C4966B = {
						CreatedOnToolsVersion = 15.0;
						TestTargetID = 02B0C9472B51567F00C4966B;
					};
				};
			};
			buildConfigurationList = 02B0C9432B51567F00C4966B /* Build configuration list for PBXProject "UnitConverter" */;
			compatibilityVersion = "Xcode 14.0";
			developmentRegion = en;
			hasScannedForEncodings = 0;
			knownRegions = (
				en,
				Base,
			);
			mainGroup = 02B0C93F2B51567F00C4966B;
			productRefGroup = 02B0C9492B51567F00C4966B /* Products */;
			projectDirPath = "";
			projectRoot = "";
			targets = (
				02B0C9472B51567F00C4966B /* UnitConverter */,
				02B0C9572B51568100C4966B /* UnitConverterTests */,
				02B0C9612B51568100C4966B /* UnitConverterUITests */,
			);
		};
/* End PBXProject section */

/* Begin PBXResourcesBuildPhase section */
		02B0C9462B51567F00C4966B /* Resources */ = {
			isa = PBXResourcesBuildPhase;
			buildActionMask = 2147483647;
			files = (
				02B0C9532B51568000C4966B /* Preview Assets.xcassets in Resources */,
				02B0C9502B51568000C4966B /* Assets.xcassets in Resources */,
			);
			runOnlyForDeploymentPostprocessing = 0;
		};
		02B0C9562B51568100C4966B /* Resources */ = {
			isa = PBXResourcesBuildPhase;
			buildActionMask = 2147483647;
			files = (
			);
			runOnlyForDeploymentPostprocessing = 0;
		};
		02B0C9602B51568100C4966B /* Resources */ = {
			isa = PBXResourcesBuildPhase;
			buildActionMask = 2147483647;
			files = (
			);
			runOnlyForDeploymentPostprocessing = 0;
		};
/* End PBXResourcesBuildPhase section */

/* Begin PBXSourcesBuildPhase section */
		02B0C9442B51567F00C4966B /* Sources */ = {
			isa = PBXSourcesBuildPhase;
			buildActionMask = 2147483647;
			files = (
				02B0C97A2B51585D00C4966B /* TemperatureConverterViewModel.swift in Sources */,
				02B0C9782B5157D300C4966B /* TemperatureConverterView.swift in Sources */,
				02B0C94E2B51567F00C4966B /* HomeView.swift in Sources */,
				02B0C97C2B5159C900C4966B /* HomeViewModel.swift in Sources */,
				02B0C94C2B51567F00C4966B /* UnitConverterApp.swift in Sources */,
			);
			runOnlyForDeploymentPostprocessing = 0;
		};
		02B0C9542B51568100C4966B /* Sources */ = {
			isa = PBXSourcesBuildPhase;
			buildActionMask = 2147483647;
			files = (
				02B0C95D2B51568100C4966B /* UnitConverterTests.swift in Sources */,
			);
			runOnlyForDeploymentPostprocessing = 0;
		};
		02B0C95E2B51568100C4966B /* Sources */ = {
			isa = PBXSourcesBuildPhase;
			buildActionMask = 2147483647;
			files = (
				02B0C9672B51568100C4966B /* UnitConverterUITests.swift in Sources */,
				02B0C9692B51568100C4966B /* UnitConverterUITestsLaunchTests.swift in Sources */,
			);
			runOnlyForDeploymentPostprocessing = 0;
		};
/* End PBXSourcesBuildPhase section */

/* Begin PBXTargetDependency section */
		02B0C95A2B51568100C4966B /* PBXTargetDependency */ = {
			isa = PBXTargetDependency;
			target = 02B0C9472B51567F00C4966B /* UnitConverter */;
			targetProxy = 02B0C9592B51568100C4966B /* PBXContainerItemProxy */;
		};
		02B0C9642B51568100C4966B /* PBXTargetDependency */ = {
			isa = PBXTargetDependency;
			target = 02B0C9472B51567F00C4966B /* UnitConverter */;
			targetProxy = 02B0C9632B51568100C4966B /* PBXContainerItemProxy */;
		};
/* End PBXTargetDependency section */

/* Begin XCBuildConfiguration section */
		02B0C96A2B51568100C4966B /* Debug */ = {
			isa = XCBuildConfiguration;
			buildSettings = {
				ALWAYS_SEARCH_USER_PATHS = NO;
				ASSETCATALOG_COMPILER_GENERATE_SWIFT_ASSET_SYMBOL_EXTENSIONS = YES;
				CLANG_ANALYZER_NONNULL = YES;
				CLANG_ANALYZER_NUMBER_OBJECT_CONVERSION = YES_AGGRESSIVE;
				CLANG_CXX_LANGUAGE_STANDARD = "gnu++20";
				CLANG_ENABLE_MODULES = YES;
				CLANG_ENABLE_OBJC_ARC = YES;
				CLANG_ENABLE_OBJC_WEAK = YES;
				CLANG_WARN_BLOCK_CAPTURE_AUTORELEASING = YES;
				CLANG_WARN_BOOL_CONVERSION = YES;
				CLANG_WARN_COMMA = YES;
				CLANG_WARN_CONSTANT_CONVERSION = YES;
				CLANG_WARN_DEPRECATED_OBJC_IMPLEMENTATIONS = YES;
				CLANG_WARN_DIRECT_OBJC_ISA_USAGE = YES_ERROR;
				CLANG_WARN_DOCUMENTATION_COMMENTS = YES;
				CLANG_WARN_EMPTY_BODY = YES;
				CLANG_WARN_ENUM_CONVERSION = YES;
				CLANG_WARN_INFINITE_RECURSION = YES;
				CLANG_WARN_INT_CONVERSION = YES;
				CLANG_WARN_NON_LITERAL_NULL_CONVERSION = YES;
				CLANG_WARN_OBJC_IMPLICIT_RETAIN_SELF = YES;
				CLANG_WARN_OBJC_LITERAL_CONVERSION = YES;
				CLANG_WARN_OBJC_ROOT_CLASS = YES_ERROR;
				CLANG_WARN_QUOTED_INCLUDE_IN_FRAMEWORK_HEADER = YES;
				CLANG_WARN_RANGE_LOOP_ANALYSIS = YES;
				CLANG_WARN_STRICT_PROTOTYPES = YES;
				CLANG_WARN_SUSPICIOUS_MOVE = YES;
				CLANG_WARN_UNGUARDED_AVAILABILITY = YES_AGGRESSIVE;
				CLANG_WARN_UNREACHABLE_CODE = YES;
				CLANG_WARN__DUPLICATE_METHOD_MATCH = YES;
				COPY_PHASE_STRIP = NO;
				DEBUG_INFORMATION_FORMAT = dwarf;
				ENABLE_STRICT_OBJC_MSGSEND = YES;
				ENABLE_TESTABILITY = YES;
				ENABLE_USER_SCRIPT_SANDBOXING = YES;
				GCC_C_LANGUAGE_STANDARD = gnu17;
				GCC_DYNAMIC_NO_PIC = NO;
				GCC_NO_COMMON_BLOCKS = YES;
				GCC_OPTIMIZATION_LEVEL = 0;
				GCC_PREPROCESSOR_DEFINITIONS = (
					"DEBUG=1",
					"$(inherited)",
				);
				GCC_WARN_64_TO_32_BIT_CONVERSION = YES;
				GCC_WARN_ABOUT_RETURN_TYPE = YES_ERROR;
				GCC_WARN_UNDECLARED_SELECTOR = YES;
				GCC_WARN_UNINITIALIZED_AUTOS = YES_AGGRESSIVE;
				GCC_WARN_UNUSED_FUNCTION = YES;
				GCC_WARN_UNUSED_VARIABLE = YES;
				IPHONEOS_DEPLOYMENT_TARGET = 17.0;
				LOCALIZATION_PREFERS_STRING_CATALOGS = YES;
				MTL_ENABLE_DEBUG_INFO = INCLUDE_SOURCE;
				MTL_FAST_MATH = YES;
				ONLY_ACTIVE_ARCH = YES;
				SDKROOT = iphoneos;
				SWIFT_ACTIVE_COMPILATION_CONDITIONS = "DEBUG $(inherited)";
				SWIFT_OPTIMIZATION_LEVEL = "-Onone";
			};
			name = Debug;
		};
		02B0C96B2B51568100C4966B /* Release */ = {
			isa = XCBuildConfiguration;
			buildSettings = {
				ALWAYS_SEARCH_USER_PATHS = NO;
				ASSETCATALOG_COMPILER_GENERATE_SWIFT_ASSET_SYMBOL_EXTENSIONS = YES;
				CLANG_ANALYZER_NONNULL = YES;
				CLANG_ANALYZER_NUMBER_OBJECT_CONVERSION = YES_AGGRESSIVE;
				CLANG_CXX_LANGUAGE_STANDARD = "gnu++20";
				CLANG_ENABLE_MODULES = YES;
				CLANG_ENABLE_OBJC_ARC = YES;
				CLANG_ENABLE_OBJC_WEAK = YES;
				CLANG_WARN_BLOCK_CAPTURE_AUTORELEASING = YES;
				CLANG_WARN_BOOL_CONVERSION = YES;
				CLANG_WARN_COMMA = YES;
				CLANG_WARN_CONSTANT_CONVERSION = YES;
				CLANG_WARN_DEPRECATED_OBJC_IMPLEMENTATIONS = YES;
				CLANG_WARN_DIRECT_OBJC_ISA_USAGE = YES_ERROR;
				CLANG_WARN_DOCUMENTATION_COMMENTS = YES;
				CLANG_WARN_EMPTY_BODY = YES;
				CLANG_WARN_ENUM_CONVERSION = YES;
				CLANG_WARN_INFINITE_RECURSION = YES;
				CLANG_WARN_INT_CONVERSION = YES;
				CLANG_WARN_NON_LITERAL_NULL_CONVERSION = YES;
				CLANG_WARN_OBJC_IMPLICIT_RETAIN_SELF = YES;
				CLANG_WARN_OBJC_LITERAL_CONVERSION = YES;
				CLANG_WARN_OBJC_ROOT_CLASS = YES_ERROR;
				CLANG_WARN_QUOTED_INCLUDE_IN_FRAMEWORK_HEADER = YES;
				CLANG_WARN_RANGE_LOOP_ANALYSIS = YES;
				CLANG_WARN_STRICT_PROTOTYPES = YES;
				CLANG_WARN_SUSPICIOUS_MOVE = YES;
				CLANG_WARN_UNGUARDED_AVAILABILITY = YES_AGGRESSIVE;
				CLANG_WARN_UNREACHABLE_CODE = YES;
				CLANG_WARN__DUPLICATE_METHOD_MATCH = YES;
				COPY_PHASE_STRIP = NO;
				DEBUG_INFORMATION_FORMAT = "dwarf-with-dsym";
				ENABLE_NS_ASSERTIONS = NO;
				ENABLE_STRICT_OBJC_MSGSEND = YES;
				ENABLE_USER_SCRIPT_SANDBOXING = YES;
				GCC_C_LANGUAGE_STANDARD = gnu17;
				GCC_NO_COMMON_BLOCKS = YES;
				GCC_WARN_64_TO_32_BIT_CONVERSION = YES;
				GCC_WARN_ABOUT_RETURN_TYPE = YES_ERROR;
				GCC_WARN_UNDECLARED_SELECTOR = YES;
				GCC_WARN_UNINITIALIZED_AUTOS = YES_AGGRESSIVE;
				GCC_WARN_UNUSED_FUNCTION = YES;
				GCC_WARN_UNUSED_VARIABLE = YES;
				IPHONEOS_DEPLOYMENT_TARGET = 17.0;
				LOCALIZATION_PREFERS_STRING_CATALOGS = YES;
				MTL_ENABLE_DEBUG_INFO = NO;
				MTL_FAST_MATH = YES;
				SDKROOT = iphoneos;
				SWIFT_COMPILATION_MODE = wholemodule;
				VALIDATE_PRODUCT = YES;
			};
			name = Release;
		};
		02B0C96D2B51568100C4966B /* Debug */ = {
			isa = XCBuildConfiguration;
			buildSettings = {
				ASSETCATALOG_COMPILER_APPICON_NAME = AppIcon;
				ASSETCATALOG_COMPILER_GLOBAL_ACCENT_COLOR_NAME = AccentColor;
				CODE_SIGN_STYLE = Automatic;
				CURRENT_PROJECT_VERSION = 1;
				DEVELOPMENT_ASSET_PATHS = "\"UnitConverter/Preview Content\"";
				DEVELOPMENT_TEAM = 68223M5AWX;
				ENABLE_PREVIEWS = YES;
				GENERATE_INFOPLIST_FILE = YES;
				INFOPLIST_KEY_UIApplicationSceneManifest_Generation = YES;
				INFOPLIST_KEY_UIApplicationSupportsIndirectInputEvents = YES;
				INFOPLIST_KEY_UILaunchScreen_Generation = YES;
				INFOPLIST_KEY_UISupportedInterfaceOrientations_iPad = "UIInterfaceOrientationPortrait UIInterfaceOrientationPortraitUpsideDown UIInterfaceOrientationLandscapeLeft UIInterfaceOrientationLandscapeRight";
				INFOPLIST_KEY_UISupportedInterfaceOrientations_iPhone = "UIInterfaceOrientationPortrait UIInterfaceOrientationLandscapeLeft UIInterfaceOrientationLandscapeRight";
				LD_RUNPATH_SEARCH_PATHS = (
					"$(inherited)",
					"@executable_path/Frameworks",
				);
				MARKETING_VERSION = 1.0;
				PRODUCT_BUNDLE_IDENTIFIER = com.patrikCesnek.UnitConverter;
				PRODUCT_NAME = "$(TARGET_NAME)";
				SWIFT_EMIT_LOC_STRINGS = YES;
				SWIFT_VERSION = 5.0;
				TARGETED_DEVICE_FAMILY = "1,2";
			};
			name = Debug;
		};
		02B0C96E2B51568100C4966B /* Release */ = {
			isa = XCBuildConfiguration;
			buildSettings = {
				ASSETCATALOG_COMPILER_APPICON_NAME = AppIcon;
				ASSETCATALOG_COMPILER_GLOBAL_ACCENT_COLOR_NAME = AccentColor;
				CODE_SIGN_STYLE = Automatic;
				CURRENT_PROJECT_VERSION = 1;
				DEVELOPMENT_ASSET_PATHS = "\"UnitConverter/Preview Content\"";
				DEVELOPMENT_TEAM = 68223M5AWX;
				ENABLE_PREVIEWS = YES;
				GENERATE_INFOPLIST_FILE = YES;
				INFOPLIST_KEY_UIApplicationSceneManifest_Generation = YES;
				INFOPLIST_KEY_UIApplicationSupportsIndirectInputEvents = YES;
				INFOPLIST_KEY_UILaunchScreen_Generation = YES;
				INFOPLIST_KEY_UISupportedInterfaceOrientations_iPad = "UIInterfaceOrientationPortrait UIInterfaceOrientationPortraitUpsideDown UIInterfaceOrientationLandscapeLeft UIInterfaceOrientationLandscapeRight";
				INFOPLIST_KEY_UISupportedInterfaceOrientations_iPhone = "UIInterfaceOrientationPortrait UIInterfaceOrientationLandscapeLeft UIInterfaceOrientationLandscapeRight";
				LD_RUNPATH_SEARCH_PATHS = (
					"$(inherited)",
					"@executable_path/Frameworks",
				);
				MARKETING_VERSION = 1.0;
				PRODUCT_BUNDLE_IDENTIFIER = com.patrikCesnek.UnitConverter;
				PRODUCT_NAME = "$(TARGET_NAME)";
				SWIFT_EMIT_LOC_STRINGS = YES;
				SWIFT_VERSION = 5.0;
				TARGETED_DEVICE_FAMILY = "1,2";
			};
			name = Release;
		};
		02B0C9702B51568100C4966B /* Debug */ = {
			isa = XCBuildConfiguration;
			buildSettings = {
				ALWAYS_EMBED_SWIFT_STANDARD_LIBRARIES = YES;
				BUNDLE_LOADER = "$(TEST_HOST)";
				CODE_SIGN_STYLE = Automatic;
				CURRENT_PROJECT_VERSION = 1;
				DEVELOPMENT_TEAM = 68223M5AWX;
				GENERATE_INFOPLIST_FILE = YES;
				IPHONEOS_DEPLOYMENT_TARGET = 17.0;
				MARKETING_VERSION = 1.0;
				PRODUCT_BUNDLE_IDENTIFIER = com.patrikCesnek.UnitConverterTests;
				PRODUCT_NAME = "$(TARGET_NAME)";
				SWIFT_EMIT_LOC_STRINGS = NO;
				SWIFT_VERSION = 5.0;
				TARGETED_DEVICE_FAMILY = "1,2";
				TEST_HOST = "$(BUILT_PRODUCTS_DIR)/UnitConverter.app/$(BUNDLE_EXECUTABLE_FOLDER_PATH)/UnitConverter";
			};
			name = Debug;
		};
		02B0C9712B51568100C4966B /* Release */ = {
			isa = XCBuildConfiguration;
			buildSettings = {
				ALWAYS_EMBED_SWIFT_STANDARD_LIBRARIES = YES;
				BUNDLE_LOADER = "$(TEST_HOST)";
				CODE_SIGN_STYLE = Automatic;
				CURRENT_PROJECT_VERSION = 1;
				DEVELOPMENT_TEAM = 68223M5AWX;
				GENERATE_INFOPLIST_FILE = YES;
				IPHONEOS_DEPLOYMENT_TARGET = 17.0;
				MARKETING_VERSION = 1.0;
				PRODUCT_BUNDLE_IDENTIFIER = com.patrikCesnek.UnitConverterTests;
				PRODUCT_NAME = "$(TARGET_NAME)";
				SWIFT_EMIT_LOC_STRINGS = NO;
				SWIFT_VERSION = 5.0;
				TARGETED_DEVICE_FAMILY = "1,2";
				TEST_HOST = "$(BUILT_PRODUCTS_DIR)/UnitConverter.app/$(BUNDLE_EXECUTABLE_FOLDER_PATH)/UnitConverter";
			};
			name = Release;
		};
		02B0C9732B51568100C4966B /* Debug */ = {
			isa = XCBuildConfiguration;
			buildSettings = {
				ALWAYS_EMBED_SWIFT_STANDARD_LIBRARIES = YES;
				CODE_SIGN_STYLE = Automatic;
				CURRENT_PROJECT_VERSION = 1;
				DEVELOPMENT_TEAM = 68223M5AWX;
				GENERATE_INFOPLIST_FILE = YES;
				MARKETING_VERSION = 1.0;
				PRODUCT_BUNDLE_IDENTIFIER = com.patrikCesnek.UnitConverterUITests;
				PRODUCT_NAME = "$(TARGET_NAME)";
				SWIFT_EMIT_LOC_STRINGS = NO;
				SWIFT_VERSION = 5.0;
				TARGETED_DEVICE_FAMILY = "1,2";
				TEST_TARGET_NAME = UnitConverter;
			};
			name = Debug;
		};
		02B0C9742B51568100C4966B /* Release */ = {
			isa = XCBuildConfiguration;
			buildSettings = {
				ALWAYS_EMBED_SWIFT_STANDARD_LIBRARIES = YES;
				CODE_SIGN_STYLE = Automatic;
				CURRENT_PROJECT_VERSION = 1;
				DEVELOPMENT_TEAM = 68223M5AWX;
				GENERATE_INFOPLIST_FILE = YES;
				MARKETING_VERSION = 1.0;
				PRODUCT_BUNDLE_IDENTIFIER = com.patrikCesnek.UnitConverterUITests;
				PRODUCT_NAME = "$(TARGET_NAME)";
				SWIFT_EMIT_LOC_STRINGS = NO;
				SWIFT_VERSION = 5.0;
				TARGETED_DEVICE_FAMILY = "1,2";
				TEST_TARGET_NAME = UnitConverter;
			};
			name = Release;
		};
/* End XCBuildConfiguration section */

/* Begin XCConfigurationList section */
		02B0C9432B51567F00C4966B /* Build configuration list for PBXProject "UnitConverter" */ = {
			isa = XCConfigurationList;
			buildConfigurations = (
				02B0C96A2B51568100C4966B /* Debug */,
				02B0C96B2B51568100C4966B /* Release */,
			);
			defaultConfigurationIsVisible = 0;
			defaultConfigurationName = Release;
		};
		02B0C96C2B51568100C4966B /* Build configuration list for PBXNativeTarget "UnitConverter" */ = {
			isa = XCConfigurationList;
			buildConfigurations = (
				02B0C96D2B51568100C4966B /* Debug */,
				02B0C96E2B51568100C4966B /* Release */,
			);
			defaultConfigurationIsVisible = 0;
			defaultConfigurationName = Release;
		};
		02B0C96F2B51568100C4966B /* Build configuration list for PBXNativeTarget "UnitConverterTests" */ = {
			isa = XCConfigurationList;
			buildConfigurations = (
				02B0C9702B51568100C4966B /* Debug */,
				02B0C9712B51568100C4966B /* Release */,
			);
			defaultConfigurationIsVisible = 0;
			defaultConfigurationName = Release;
		};
		02B0C9722B51568100C4966B /* Build configuration list for PBXNativeTarget "UnitConverterUITests" */ = {
			isa = XCConfigurationList;
			buildConfigurations = (
				02B0C9732B51568100C4966B /* Debug */,
				02B0C9742B51568100C4966B /* Release */,
			);
			defaultConfigurationIsVisible = 0;
			defaultConfigurationName = Release;
		};
/* End XCConfigurationList section */
	};
	rootObject = 02B0C9402B51567F00C4966B /* Project object */;
}
